PODS:
  - Alamofire (4.3.0)
  - Kingfisher (3.0.1)
  - SVProgressHUD (2.0.3)
  - SwiftyJSON (3.0.0)

DEPENDENCIES:
  - Alamofire (~> 4.3)
  - Kingfisher (from `https://github.com/onevcat/Kingfisher.git`, tag `3.0.1`)
  - SVProgressHUD
  - SwiftyJSON (~> 3.0.0)

EXTERNAL SOURCES:
  Kingfisher:
    :git: https://github.com/onevcat/Kingfisher.git
    :tag: 3.0.1

CHECKOUT OPTIONS:
  Kingfisher:
    :git: https://github.com/onevcat/Kingfisher.git
    :tag: 3.0.1

SPEC CHECKSUMS:
  Alamofire: 856a113053a7bc9cbe5d6367a555d773fc5cfef7
  Kingfisher: d5a491b45ea453d90a31bd2c0831d5243e73a73f
  SVProgressHUD: b0830714205bea1317ea1a2ebc71e5633af334d4
  SwiftyJSON: f57b2b44bc166617372d1c70773591fe9f0f5fd4

PODFILE CHECKSUM: a80d7c7b32abebc110b4377fda5446ed7a311fbc

COCOAPODS: 1.2.0
